
Microsoft Visual Studio Solution File, Format Version 12.00
Project("{2150E333-8FDC-42A3-9474-1A3956D46DE8}") = "Solution Items", "Solution Items", "{3BD097E1-5596-4D6A-81B0-28ACDB0393D8}"
ProjectSection(SolutionItems) = preProject
	Readme.md = Readme.md
	.gitignore = .gitignore
EndProjectSection
EndProject
Project("{2150E333-8FDC-42A3-9474-1A3956D46DE8}") = "src", "src", "{F5CF9F0F-9A04-4720-A165-4634E8F9A13D}"
EndProject
Project("{2150E333-8FDC-42A3-9474-1A3956D46DE8}") = "tests", "tests", "{4BCF458C-EA85-4982-9D44-1C926EFCC543}"
EndProject
Project("{2150E333-8FDC-42A3-9474-1A3956D46DE8}") = "Services", "Services", "{C1E403B2-2264-41A8-8AAB-DAB43F0DC630}"
EndProject
Project("{FAE04EC0-301F-11D3-BF4B-00C04F79EFBC}") = "SMSGATEWAY.Services.API", "src\SMSGATEWAY.Services.API\SMSGATEWAY.Services.API.csproj", "{329E8BFE-8517-462A-A03A-65A80288792D}"
EndProject
Project("{2150E333-8FDC-42A3-9474-1A3956D46DE8}") = "Application", "Application", "{A82E68B3-5161-4327-BBE3-F112F6158292}"
EndProject
Project("{2150E333-8FDC-42A3-9474-1A3956D46DE8}") = "Domain", "Domain", "{C3689010-80DE-4A8F-9742-454F6CA7598C}"
EndProject
Project("{2150E333-8FDC-42A3-9474-1A3956D46DE8}") = "Infrastructure", "Infrastructure", "{7765694E-A5BE-42A6-BFF2-9D29E5554EBF}"
EndProject
Project("{FAE04EC0-301F-11D3-BF4B-00C04F79EFBC}") = "SMSGATEWAY.DOMAIN", "src\SMSGATEWAY.DOMAIN\SMSGATEWAY.DOMAIN.csproj", "{7A13A9B4-D407-42CA-AD49-6764CE6850D3}"
EndProject
Project("{FAE04EC0-301F-11D3-BF4B-00C04F79EFBC}") = "SMSGATEWAY.Core", "src\SMSGATEWAY.Core\SMSGATEWAY.Core.csproj", "{77440A87-E8DD-4C42-A87E-F3FBF1FC0DDF}"
EndProject
Project("{FAE04EC0-301F-11D3-BF4B-00C04F79EFBC}") = "SMSGATEWAY.Infra.Data", "src\SMSGATEWAY.Infra.Data\SMSGATEWAY.Infra.Data.csproj", "{B51D7296-7B8C-4F3F-B345-7F035F636A77}"
EndProject
Global
	GlobalSection(SolutionConfigurationPlatforms) = preSolution
		Debug|Any CPU = Debug|Any CPU
		Release|Any CPU = Release|Any CPU
	EndGlobalSection
	GlobalSection(NestedProjects) = preSolution
		{C1E403B2-2264-41A8-8AAB-DAB43F0DC630} = {F5CF9F0F-9A04-4720-A165-4634E8F9A13D}
		{329E8BFE-8517-462A-A03A-65A80288792D} = {C1E403B2-2264-41A8-8AAB-DAB43F0DC630}
		{A82E68B3-5161-4327-BBE3-F112F6158292} = {F5CF9F0F-9A04-4720-A165-4634E8F9A13D}
		{C3689010-80DE-4A8F-9742-454F6CA7598C} = {F5CF9F0F-9A04-4720-A165-4634E8F9A13D}
		{7765694E-A5BE-42A6-BFF2-9D29E5554EBF} = {F5CF9F0F-9A04-4720-A165-4634E8F9A13D}
		{7A13A9B4-D407-42CA-AD49-6764CE6850D3} = {C3689010-80DE-4A8F-9742-454F6CA7598C}
		{77440A87-E8DD-4C42-A87E-F3FBF1FC0DDF} = {C3689010-80DE-4A8F-9742-454F6CA7598C}
		{B51D7296-7B8C-4F3F-B345-7F035F636A77} = {7765694E-A5BE-42A6-BFF2-9D29E5554EBF}
	EndGlobalSection
	GlobalSection(ProjectConfigurationPlatforms) = postSolution
		{329E8BFE-8517-462A-A03A-65A80288792D}.Debug|Any CPU.ActiveCfg = Debug|Any CPU
		{329E8BFE-8517-462A-A03A-65A80288792D}.Debug|Any CPU.Build.0 = Debug|Any CPU
		{329E8BFE-8517-462A-A03A-65A80288792D}.Release|Any CPU.ActiveCfg = Release|Any CPU
		{329E8BFE-8517-462A-A03A-65A80288792D}.Release|Any CPU.Build.0 = Release|Any CPU
		{7A13A9B4-D407-42CA-AD49-6764CE6850D3}.Debug|Any CPU.ActiveCfg = Debug|Any CPU
		{7A13A9B4-D407-42CA-AD49-6764CE6850D3}.Debug|Any CPU.Build.0 = Debug|Any CPU
		{7A13A9B4-D407-42CA-AD49-6764CE6850D3}.Release|Any CPU.ActiveCfg = Release|Any CPU
		{7A13A9B4-D407-42CA-AD49-6764CE6850D3}.Release|Any CPU.Build.0 = Release|Any CPU
		{77440A87-E8DD-4C42-A87E-F3FBF1FC0DDF}.Debug|Any CPU.ActiveCfg = Debug|Any CPU
		{77440A87-E8DD-4C42-A87E-F3FBF1FC0DDF}.Debug|Any CPU.Build.0 = Debug|Any CPU
		{77440A87-E8DD-4C42-A87E-F3FBF1FC0DDF}.Release|Any CPU.ActiveCfg = Release|Any CPU
		{77440A87-E8DD-4C42-A87E-F3FBF1FC0DDF}.Release|Any CPU.Build.0 = Release|Any CPU
		{B51D7296-7B8C-4F3F-B345-7F035F636A77}.Debug|Any CPU.ActiveCfg = Debug|Any CPU
		{B51D7296-7B8C-4F3F-B345-7F035F636A77}.Debug|Any CPU.Build.0 = Debug|Any CPU
		{B51D7296-7B8C-4F3F-B345-7F035F636A77}.Release|Any CPU.ActiveCfg = Release|Any CPU
		{B51D7296-7B8C-4F3F-B345-7F035F636A77}.Release|Any CPU.Build.0 = Release|Any CPU
	EndGlobalSection
EndGlobal
