
Microsoft Visual Studio Solution File, Format Version 12.00
Project("{2150E333-8FDC-42A3-9474-1A3956D46DE8}") = "Solution Items", "Solution Items", "{3BD097E1-5596-4D6A-81B0-28ACDB0393D8}"
ProjectSection(SolutionItems) = preProject
	Readme.md = Readme.md
	.gitignore = .gitignore
EndProjectSection
EndProject
Project("{2150E333-8FDC-42A3-9474-1A3956D46DE8}") = "src", "src", "{F5CF9F0F-9A04-4720-A165-4634E8F9A13D}"
EndProject
Project("{2150E333-8FDC-42A3-9474-1A3956D46DE8}") = "tests", "tests", "{4BCF458C-EA85-4982-9D44-1C926EFCC543}"
EndProject
Global
	GlobalSection(SolutionConfigurationPlatforms) = preSolution
		Debug|Any CPU = Debug|Any CPU
		Release|Any CPU = Release|Any CPU
	EndGlobalSection
EndGlobal
